
Microsoft Visual Studio Solution File, Format Version 12.00
# Visual Studio Version 17
VisualStudioVersion = 17.7.34221.43
MinimumVisualStudioVersion = 10.0.40219.1
Project("{FAE04EC0-301F-11D3-BF4B-00C04F79EFBC}") = "InventLab", "InventLab.csproj", "{116F45FF-9076-4D0E-80B9-226D029D42FD}"
EndProject
Global
	GlobalSection(SolutionConfigurationPlatforms) = preSolution
		Debug|Any CPU = Debug|Any CPU
		Release|Any CPU = Release|Any CPU
	EndGlobalSection
	GlobalSection(ProjectConfigurationPlatforms) = postSolution
		{116F45FF-9076-4D0E-80B9-226D029D42FD}.Debug|Any CPU.ActiveCfg = Debug|Any CPU
		{116F45FF-9076-4D0E-80B9-226D029D42FD}.Debug|Any CPU.Build.0 = Debug|Any CPU
		{116F45FF-9076-4D0E-80B9-226D029D42FD}.Release|Any CPU.ActiveCfg = Release|Any CPU
		{116F45FF-9076-4D0E-80B9-226D029D42FD}.Release|Any CPU.Build.0 = Release|Any CPU
	EndGlobalSection
	GlobalSection(SolutionProperties) = preSolution
		HideSolutionNode = FALSE
	EndGlobalSection
	GlobalSection(ExtensibilityGlobals) = postSolution
		SolutionGuid = {2E06C043-F6C4-4A6D-9F71-14E9C53B8DB7}
	EndGlobalSection
EndGlobal
